
Microsoft Visual Studio Solution File, Format Version 12.00
# Visual Studio Version 17
VisualStudioVersion = 17.14.36414.22 d17.14
MinimumVisualStudioVersion = 10.0.40219.1
Project("{FAE04EC0-301F-11D3-BF4B-00C04F79EFBC}") = "ooplib", "ooplib.csproj", "{99B861ED-3A0C-46AF-924B-651BB90BC4A8}"
EndProject
Global
	GlobalSection(SolutionConfigurationPlatforms) = preSolution
		Debug|Any CPU = Debug|Any CPU
		Release|Any CPU = Release|Any CPU
	EndGlobalSection
	GlobalSection(ProjectConfigurationPlatforms) = postSolution
		{99B861ED-3A0C-46AF-924B-651BB90BC4A8}.Debug|Any CPU.ActiveCfg = Debug|Any CPU
		{99B861ED-3A0C-46AF-924B-651BB90BC4A8}.Debug|Any CPU.Build.0 = Debug|Any CPU
		{99B861ED-3A0C-46AF-924B-651BB90BC4A8}.Release|Any CPU.ActiveCfg = Release|Any CPU
		{99B861ED-3A0C-46AF-924B-651BB90BC4A8}.Release|Any CPU.Build.0 = Release|Any CPU
	EndGlobalSection
	GlobalSection(SolutionProperties) = preSolution
		HideSolutionNode = FALSE
	EndGlobalSection
	GlobalSection(ExtensibilityGlobals) = postSolution
		SolutionGuid = {979132A6-92D8-403C-BC17-51893FC32600}
	EndGlobalSection
EndGlobal
